// !$*UTF8*$!
{
	archiveVersion = 1;
	classes = {
	};
	objectVersion = 50;
	objects = {

/* Begin PBXBuildFile section */
		14A6C6E521025C020009C6D8 /* ElementList.json in Resources */ = {isa = PBXBuildFile; fileRef = 14A6C6E421025C010009C6D8 /* ElementList.json */; };
		14A6C6E721025FB80009C6D8 /* ElelmentObject.swift in Sources */ = {isa = PBXBuildFile; fileRef = 14A6C6E621025FB80009C6D8 /* ElelmentObject.swift */; };
		C4162F92210219960044023D /* AppDelegate.swift in Sources */ = {isa = PBXBuildFile; fileRef = C4162F91210219960044023D /* AppDelegate.swift */; };
		C4162F94210219960044023D /* art.scnassets in Resources */ = {isa = PBXBuildFile; fileRef = C4162F93210219960044023D /* art.scnassets */; };
		C4162F96210219960044023D /* ViewController.swift in Sources */ = {isa = PBXBuildFile; fileRef = C4162F95210219960044023D /* ViewController.swift */; };
		C4162F99210219960044023D /* Main.storyboard in Resources */ = {isa = PBXBuildFile; fileRef = C4162F97210219960044023D /* Main.storyboard */; };
		C4162F9B2102199A0044023D /* Assets.xcassets in Resources */ = {isa = PBXBuildFile; fileRef = C4162F9A2102199A0044023D /* Assets.xcassets */; };
		C4162F9E2102199A0044023D /* LaunchScreen.storyboard in Resources */ = {isa = PBXBuildFile; fileRef = C4162F9C2102199A0044023D /* LaunchScreen.storyboard */; };
/* End PBXBuildFile section */

/* Begin PBXFileReference section */
		14A6C6E421025C010009C6D8 /* ElementList.json */ = {isa = PBXFileReference; fileEncoding = 4; lastKnownFileType = text.json; path = ElementList.json; sourceTree = "<group>"; };
		14A6C6E621025FB80009C6D8 /* ElelmentObject.swift */ = {isa = PBXFileReference; lastKnownFileType = sourcecode.swift; path = ElelmentObject.swift; sourceTree = "<group>"; };
		C4162F8E210219960044023D /* PeriodicAR.app */ = {isa = PBXFileReference; explicitFileType = wrapper.application; includeInIndex = 0; path = PeriodicAR.app; sourceTree = BUILT_PRODUCTS_DIR; };
		C4162F91210219960044023D /* AppDelegate.swift */ = {isa = PBXFileReference; lastKnownFileType = sourcecode.swift; path = AppDelegate.swift; sourceTree = "<group>"; };
		C4162F93210219960044023D /* art.scnassets */ = {isa = PBXFileReference; lastKnownFileType = wrapper.scnassets; path = art.scnassets; sourceTree = "<group>"; };
		C4162F95210219960044023D /* ViewController.swift */ = {isa = PBXFileReference; lastKnownFileType = sourcecode.swift; path = ViewController.swift; sourceTree = "<group>"; };
		C4162F98210219960044023D /* Base */ = {isa = PBXFileReference; lastKnownFileType = file.storyboard; name = Base; path = Base.lproj/Main.storyboard; sourceTree = "<group>"; };
		C4162F9A2102199A0044023D /* Assets.xcassets */ = {isa = PBXFileReference; lastKnownFileType = folder.assetcatalog; path = Assets.xcassets; sourceTree = "<group>"; };
		C4162F9D2102199A0044023D /* Base */ = {isa = PBXFileReference; lastKnownFileType = file.storyboard; name = Base; path = Base.lproj/LaunchScreen.storyboard; sourceTree = "<group>"; };
		C4162F9F2102199A0044023D /* Info.plist */ = {isa = PBXFileReference; lastKnownFileType = text.plist.xml; path = Info.plist; sourceTree = "<group>"; };
/* End PBXFileReference section */

/* Begin PBXFrameworksBuildPhase section */
		C4162F8B210219960044023D /* Frameworks */ = {
			isa = PBXFrameworksBuildPhase;
			buildActionMask = 2147483647;
			files = (
			);
			runOnlyForDeploymentPostprocessing = 0;
		};
/* End PBXFrameworksBuildPhase section */

/* Begin PBXGroup section */
		C4162F85210219950044023D = {
			isa = PBXGroup;
			children = (
				C4162F90210219960044023D /* PeriodicAR */,
				C4162F8F210219960044023D /* Products */,
			);
			sourceTree = "<group>";
		};
		C4162F8F210219960044023D /* Products */ = {
			isa = PBXGroup;
			children = (
				C4162F8E210219960044023D /* PeriodicAR.app */,
			);
			name = Products;
			sourceTree = "<group>";
		};
		C4162F90210219960044023D /* PeriodicAR */ = {
			isa = PBXGroup;
			children = (
				C4162F91210219960044023D /* AppDelegate.swift */,
				14A6C6E621025FB80009C6D8 /* ElelmentObject.swift */,
				14A6C6E421025C010009C6D8 /* ElementList.json */,
				C4162F93210219960044023D /* art.scnassets */,
				C4162F95210219960044023D /* ViewController.swift */,
				C4162F97210219960044023D /* Main.storyboard */,
				C4162F9A2102199A0044023D /* Assets.xcassets */,
				C4162F9C2102199A0044023D /* LaunchScreen.storyboard */,
				C4162F9F2102199A0044023D /* Info.plist */,
			);
			path = PeriodicAR;
			sourceTree = "<group>";
		};
/* End PBXGroup section */

/* Begin PBXNativeTarget section */
		C4162F8D210219960044023D /* PeriodicAR */ = {
			isa = PBXNativeTarget;
			buildConfigurationList = C4162FA22102199A0044023D /* Build configuration list for PBXNativeTarget "PeriodicAR" */;
			buildPhases = (
				C4162F8A210219960044023D /* Sources */,
				C4162F8B210219960044023D /* Frameworks */,
				C4162F8C210219960044023D /* Resources */,
			);
			buildRules = (
			);
			dependencies = (
			);
			name = PeriodicAR;
			productName = PeriodicAR;
			productReference = C4162F8E210219960044023D /* PeriodicAR.app */;
			productType = "com.apple.product-type.application";
		};
/* End PBXNativeTarget section */

/* Begin PBXProject section */
		C4162F86210219950044023D /* Project object */ = {
			isa = PBXProject;
			attributes = {
				LastSwiftUpdateCheck = 0940;
				LastUpgradeCheck = 0940;
				ORGANIZATIONNAME = "Arun Kulkarni";
				TargetAttributes = {
					C4162F8D210219960044023D = {
						CreatedOnToolsVersion = 9.4;
					};
				};
			};
			buildConfigurationList = C4162F89210219950044023D /* Build configuration list for PBXProject "PeriodicAR" */;
			compatibilityVersion = "Xcode 9.3";
			developmentRegion = en;
			hasScannedForEncodings = 0;
			knownRegions = (
				en,
				Base,
			);
			mainGroup = C4162F85210219950044023D;
			productRefGroup = C4162F8F210219960044023D /* Products */;
			projectDirPath = "";
			projectRoot = "";
			targets = (
				C4162F8D210219960044023D /* PeriodicAR */,
			);
		};
/* End PBXProject section */

/* Begin PBXResourcesBuildPhase section */
		C4162F8C210219960044023D /* Resources */ = {
			isa = PBXResourcesBuildPhase;
			buildActionMask = 2147483647;
			files = (
				C4162F94210219960044023D /* art.scnassets in Resources */,
				C4162F9E2102199A0044023D /* LaunchScreen.storyboard in Resources */,
				C4162F9B2102199A0044023D /* Assets.xcassets in Resources */,
				C4162F99210219960044023D /* Main.storyboard in Resources */,
				14A6C6E521025C020009C6D8 /* ElementList.json in Resources */,
			);
			runOnlyForDeploymentPostprocessing = 0;
		};
/* End PBXResourcesBuildPhase section */

/* Begin PBXSourcesBuildPhase section */
		C4162F8A210219960044023D /* Sources */ = {
			isa = PBXSourcesBuildPhase;
			buildActionMask = 2147483647;
			files = (
				C4162F96210219960044023D /* ViewController.swift in Sources */,
				14A6C6E721025FB80009C6D8 /* ElelmentObject.swift in Sources */,
				C4162F92210219960044023D /* AppDelegate.swift in Sources */,
			);
			runOnlyForDeploymentPostprocessing = 0;
		};
/* End PBXSourcesBuildPhase section */

/* Begin PBXVariantGroup section */
		C4162F97210219960044023D /* Main.storyboard */ = {
			isa = PBXVariantGroup;
			children = (
				C4162F98210219960044023D /* Base */,
			);
			name = Main.storyboard;
			sourceTree = "<group>";
		};
		C4162F9C2102199A0044023D /* LaunchScreen.storyboard */ = {
			isa = PBXVariantGroup;
			children = (
				C4162F9D2102199A0044023D /* Base */,
			);
			name = LaunchScreen.storyboard;
			sourceTree = "<group>";
		};
/* End PBXVariantGroup section */

/* Begin XCBuildConfiguration section */
		C4162FA02102199A0044023D /* Debug */ = {
			isa = XCBuildConfiguration;
			buildSettings = {
				ALWAYS_SEARCH_USER_PATHS = NO;
				CLANG_ANALYZER_NONNULL = YES;
				CLANG_ANALYZER_NUMBER_OBJECT_CONVERSION = YES_AGGRESSIVE;
				CLANG_CXX_LANGUAGE_STANDARD = "gnu++14";
				CLANG_CXX_LIBRARY = "libc++";
				CLANG_ENABLE_MODULES = YES;
				CLANG_ENABLE_OBJC_ARC = YES;
				CLANG_ENABLE_OBJC_WEAK = YES;
				CLANG_WARN_BLOCK_CAPTURE_AUTORELEASING = YES;
				CLANG_WARN_BOOL_CONVERSION = YES;
				CLANG_WARN_COMMA = YES;
				CLANG_WARN_CONSTANT_CONVERSION = YES;
				CLANG_WARN_DEPRECATED_OBJC_IMPLEMENTATIONS = YES;
				CLANG_WARN_DIRECT_OBJC_ISA_USAGE = YES_ERROR;
				CLANG_WARN_DOCUMENTATION_COMMENTS = YES;
				CLANG_WARN_EMPTY_BODY = YES;
				CLANG_WARN_ENUM_CONVERSION = YES;
				CLANG_WARN_INFINITE_RECURSION = YES;
				CLANG_WARN_INT_CONVERSION = YES;
				CLANG_WARN_NON_LITERAL_NULL_CONVERSION = YES;
				CLANG_WARN_OBJC_IMPLICIT_RETAIN_SELF = YES;
				CLANG_WARN_OBJC_LITERAL_CONVERSION = YES;
				CLANG_WARN_OBJC_ROOT_CLASS = YES_ERROR;
				CLANG_WARN_RANGE_LOOP_ANALYSIS = YES;
				CLANG_WARN_STRICT_PROTOTYPES = YES;
				CLANG_WARN_SUSPICIOUS_MOVE = YES;
				CLANG_WARN_UNGUARDED_AVAILABILITY = YES_AGGRESSIVE;
				CLANG_WARN_UNREACHABLE_CODE = YES;
				CLANG_WARN__DUPLICATE_METHOD_MATCH = YES;
				CODE_SIGN_IDENTITY = "iPhone Developer";
				COPY_PHASE_STRIP = NO;
				DEBUG_INFORMATION_FORMAT = dwarf;
				ENABLE_STRICT_OBJC_MSGSEND = YES;
				ENABLE_TESTABILITY = YES;
				GCC_C_LANGUAGE_STANDARD = gnu11;
				GCC_DYNAMIC_NO_PIC = NO;
				GCC_NO_COMMON_BLOCKS = YES;
				GCC_OPTIMIZATION_LEVEL = 0;
				GCC_PREPROCESSOR_DEFINITIONS = (
					"DEBUG=1",
					"$(inherited)",
				);
				GCC_WARN_64_TO_32_BIT_CONVERSION = YES;
				GCC_WARN_ABOUT_RETURN_TYPE = YES_ERROR;
				GCC_WARN_UNDECLARED_SELECTOR = YES;
				GCC_WARN_UNINITIALIZED_AUTOS = YES_AGGRESSIVE;
				GCC_WARN_UNUSED_FUNCTION = YES;
				GCC_WARN_UNUSED_VARIABLE = YES;
				IPHONEOS_DEPLOYMENT_TARGET = 11.4;
				MTL_ENABLE_DEBUG_INFO = YES;
				ONLY_ACTIVE_ARCH = YES;
				SDKROOT = iphoneos;
				SWIFT_ACTIVE_COMPILATION_CONDITIONS = DEBUG;
				SWIFT_OPTIMIZATION_LEVEL = "-Onone";
			};
			name = Debug;
		};
		C4162FA12102199A0044023D /* Release */ = {
			isa = XCBuildConfiguration;
			buildSettings = {
				ALWAYS_SEARCH_USER_PATHS = NO;
				CLANG_ANALYZER_NONNULL = YES;
				CLANG_ANALYZER_NUMBER_OBJECT_CONVERSION = YES_AGGRESSIVE;
				CLANG_CXX_LANGUAGE_STANDARD = "gnu++14";
				CLANG_CXX_LIBRARY = "libc++";
				CLANG_ENABLE_MODULES = YES;
				CLANG_ENABLE_OBJC_ARC = YES;
				CLANG_ENABLE_OBJC_WEAK = YES;
				CLANG_WARN_BLOCK_CAPTURE_AUTORELEASING = YES;
				CLANG_WARN_BOOL_CONVERSION = YES;
				CLANG_WARN_COMMA = YES;
				CLANG_WARN_CONSTANT_CONVERSION = YES;
				CLANG_WARN_DEPRECATED_OBJC_IMPLEMENTATIONS = YES;
				CLANG_WARN_DIRECT_OBJC_ISA_USAGE = YES_ERROR;
				CLANG_WARN_DOCUMENTATION_COMMENTS = YES;
				CLANG_WARN_EMPTY_BODY = YES;
				CLANG_WARN_ENUM_CONVERSION = YES;
				CLANG_WARN_INFINITE_RECURSION = YES;
				CLANG_WARN_INT_CONVERSION = YES;
				CLANG_WARN_NON_LITERAL_NULL_CONVERSION = YES;
				CLANG_WARN_OBJC_IMPLICIT_RETAIN_SELF = YES;
				CLANG_WARN_OBJC_LITERAL_CONVERSION = YES;
				CLANG_WARN_OBJC_ROOT_CLASS = YES_ERROR;
				CLANG_WARN_RANGE_LOOP_ANALYSIS = YES;
				CLANG_WARN_STRICT_PROTOTYPES = YES;
				CLANG_WARN_SUSPICIOUS_MOVE = YES;
				CLANG_WARN_UNGUARDED_AVAILABILITY = YES_AGGRESSIVE;
				CLANG_WARN_UNREACHABLE_CODE = YES;
				CLANG_WARN__DUPLICATE_METHOD_MATCH = YES;
				CODE_SIGN_IDENTITY = "iPhone Developer";
				COPY_PHASE_STRIP = NO;
				DEBUG_INFORMATION_FORMAT = "dwarf-with-dsym";
				ENABLE_NS_ASSERTIONS = NO;
				ENABLE_STRICT_OBJC_MSGSEND = YES;
				GCC_C_LANGUAGE_STANDARD = gnu11;
				GCC_NO_COMMON_BLOCKS = YES;
				GCC_WARN_64_TO_32_BIT_CONVERSION = YES;
				GCC_WARN_ABOUT_RETURN_TYPE = YES_ERROR;
				GCC_WARN_UNDECLARED_SELECTOR = YES;
				GCC_WARN_UNINITIALIZED_AUTOS = YES_AGGRESSIVE;
				GCC_WARN_UNUSED_FUNCTION = YES;
				GCC_WARN_UNUSED_VARIABLE = YES;
				IPHONEOS_DEPLOYMENT_TARGET = 11.4;
				MTL_ENABLE_DEBUG_INFO = NO;
				SDKROOT = iphoneos;
				SWIFT_COMPILATION_MODE = wholemodule;
				SWIFT_OPTIMIZATION_LEVEL = "-O";
				VALIDATE_PRODUCT = YES;
			};
			name = Release;
		};
		C4162FA32102199A0044023D /* Debug */ = {
			isa = XCBuildConfiguration;
			buildSettings = {
				ASSETCATALOG_COMPILER_APPICON_NAME = AppIcon;
				CODE_SIGN_STYLE = Manual;
				DEVELOPMENT_TEAM = 849UP4BSN8;
				INFOPLIST_FILE = PeriodicAR/Info.plist;
				LD_RUNPATH_SEARCH_PATHS = (
					"$(inherited)",
					"@executable_path/Frameworks",
				);
				PRODUCT_BUNDLE_IDENTIFIER = com.ymedialabs.PeriodicAR;
				PRODUCT_NAME = "$(TARGET_NAME)";
				PROVISIONING_PROFILE = "91ef7b58-a567-4f27-b342-93781cc9581f";
				PROVISIONING_PROFILE_SPECIFIER = "IndiaDev*";
				SWIFT_VERSION = 4.0;
				TARGETED_DEVICE_FAMILY = "1,2";
			};
			name = Debug;
		};
		C4162FA42102199A0044023D /* Release */ = {
			isa = XCBuildConfiguration;
			buildSettings = {
				ASSETCATALOG_COMPILER_APPICON_NAME = AppIcon;
				CODE_SIGN_STYLE = Manual;
				DEVELOPMENT_TEAM = 849UP4BSN8;
				INFOPLIST_FILE = PeriodicAR/Info.plist;
				LD_RUNPATH_SEARCH_PATHS = (
					"$(inherited)",
					"@executable_path/Frameworks",
				);
				PRODUCT_BUNDLE_IDENTIFIER = com.ymedialabs.PeriodicAR;
				PRODUCT_NAME = "$(TARGET_NAME)";
				PROVISIONING_PROFILE = "91ef7b58-a567-4f27-b342-93781cc9581f";
				PROVISIONING_PROFILE_SPECIFIER = "IndiaDev*";
				SWIFT_VERSION = 4.0;
				TARGETED_DEVICE_FAMILY = "1,2";
			};
			name = Release;
		};
/* End XCBuildConfiguration section */

/* Begin XCConfigurationList section */
		C4162F89210219950044023D /* Build configuration list for PBXProject "PeriodicAR" */ = {
			isa = XCConfigurationList;
			buildConfigurations = (
				C4162FA02102199A0044023D /* Debug */,
				C4162FA12102199A0044023D /* Release */,
			);
			defaultConfigurationIsVisible = 0;
			defaultConfigurationName = Release;
		};
		C4162FA22102199A0044023D /* Build configuration list for PBXNativeTarget "PeriodicAR" */ = {
			isa = XCConfigurationList;
			buildConfigurations = (
				C4162FA32102199A0044023D /* Debug */,
				C4162FA42102199A0044023D /* Release */,
			);
			defaultConfigurationIsVisible = 0;
			defaultConfigurationName = Release;
		};
/* End XCConfigurationList section */
	};
	rootObject = C4162F86210219950044023D /* Project object */;
}
